{
  "originHash" : "2076ebfda972c2949f58772137534b41a69ebac4d629fd11e8391a6d724ac986",
  "pins" : [
    {
      "identity" : "confettiswiftui",
      "kind" : "remoteSourceControl",
      "location" : "https://github.com/simibac/ConfettiSwiftUI.git",
      "state" : {
        "revision" : "79666d42b882bf7921b1941fa7c636d681d77980",
        "version" : "2.0.3"
      }
    },
    {
      "identity" : "kamaalswift",
      "kind" : "remoteSourceControl",
      "location" : "git@github.com:Kamaalio/KamaalSwift.git",
      "state" : {
        "revision" : "acf66e5009c77bf7083631e9ce65ab88e49048e9",
        "version" : "3.3.0"
      }
    }
  ],
  "version" : 3
}
